
Microsoft Visual Studio Solution File, Format Version 12.00
# Visual Studio Version 17
VisualStudioVersion = 17.5.33414.496
MinimumVisualStudioVersion = 10.0.40219.1
Project("{FAE04EC0-301F-11D3-BF4B-00C04F79EFBC}") = "HotelListing", "HotelListing\HotelListing.csproj", "{2C12C1BF-B03B-4E5B-92C6-0DA8852B8BC5}"
EndProject
Global
	GlobalSection(SolutionConfigurationPlatforms) = preSolution
		Debug|Any CPU = Debug|Any CPU
		Release|Any CPU = Release|Any CPU
	EndGlobalSection
	GlobalSection(ProjectConfigurationPlatforms) = postSolution
		{2C12C1BF-B03B-4E5B-92C6-0DA8852B8BC5}.Debug|Any CPU.ActiveCfg = Debug|Any CPU
		{2C12C1BF-B03B-4E5B-92C6-0DA8852B8BC5}.Debug|Any CPU.Build.0 = Debug|Any CPU
		{2C12C1BF-B03B-4E5B-92C6-0DA8852B8BC5}.Release|Any CPU.ActiveCfg = Release|Any CPU
		{2C12C1BF-B03B-4E5B-92C6-0DA8852B8BC5}.Release|Any CPU.Build.0 = Release|Any CPU
	EndGlobalSection
	GlobalSection(SolutionProperties) = preSolution
		HideSolutionNode = FALSE
	EndGlobalSection
	GlobalSection(ExtensibilityGlobals) = postSolution
		SolutionGuid = {FDE45535-CF93-4BAA-ADDA-0EE90EDD2D86}
	EndGlobalSection
EndGlobal
